// !$*UTF8*$!
{
	archiveVersion = 1;
	classes = {
	};
	objectVersion = 50;
	objects = {

/* Begin PBXBuildFile section */
		02674BE621528CC9003C548D /* AppDelegate.swift in Sources */ = {isa = PBXBuildFile; fileRef = 02674BE521528CC9003C548D /* AppDelegate.swift */; };
		02674BE821528CC9003C548D /* ViewController.swift in Sources */ = {isa = PBXBuildFile; fileRef = 02674BE721528CC9003C548D /* ViewController.swift */; };
		02674BEB21528CC9003C548D /* Main.storyboard in Resources */ = {isa = PBXBuildFile; fileRef = 02674BE921528CC9003C548D /* Main.storyboard */; };
		02674BED21528CC9003C548D /* Assets.xcassets in Resources */ = {isa = PBXBuildFile; fileRef = 02674BEC21528CC9003C548D /* Assets.xcassets */; };
		02674BF021528CC9003C548D /* LaunchScreen.storyboard in Resources */ = {isa = PBXBuildFile; fileRef = 02674BEE21528CC9003C548D /* LaunchScreen.storyboard */; };
		02674BFB21528CCA003C548D /* Project8Tests.swift in Sources */ = {isa = PBXBuildFile; fileRef = 02674BFA21528CCA003C548D /* Project8Tests.swift */; };
		02674C0621528CCA003C548D /* Project8UITests.swift in Sources */ = {isa = PBXBuildFile; fileRef = 02674C0521528CCA003C548D /* Project8UITests.swift */; };
		02674C142152DF85003C548D /* level1.txt in Resources */ = {isa = PBXBuildFile; fileRef = 02674C132152DF85003C548D /* level1.txt */; };
/* End PBXBuildFile section */

/* Begin PBXContainerItemProxy section */
		02674BF721528CCA003C548D /* PBXContainerItemProxy */ = {
			isa = PBXContainerItemProxy;
			containerPortal = 02674BDA21528CC9003C548D /* Project object */;
			proxyType = 1;
			remoteGlobalIDString = 02674BE121528CC9003C548D;
			remoteInfo = Project8;
		};
		02674C0221528CCA003C548D /* PBXContainerItemProxy */ = {
			isa = PBXContainerItemProxy;
			containerPortal = 02674BDA21528CC9003C548D /* Project object */;
			proxyType = 1;
			remoteGlobalIDString = 02674BE121528CC9003C548D;
			remoteInfo = Project8;
		};
/* End PBXContainerItemProxy section */

/* Begin PBXFileReference section */
		02674BE221528CC9003C548D /* Project8.app */ = {isa = PBXFileReference; explicitFileType = wrapper.application; includeInIndex = 0; path = Project8.app; sourceTree = BUILT_PRODUCTS_DIR; };
		02674BE521528CC9003C548D /* AppDelegate.swift */ = {isa = PBXFileReference; lastKnownFileType = sourcecode.swift; path = AppDelegate.swift; sourceTree = "<group>"; };
		02674BE721528CC9003C548D /* ViewController.swift */ = {isa = PBXFileReference; lastKnownFileType = sourcecode.swift; path = ViewController.swift; sourceTree = "<group>"; };
		02674BEA21528CC9003C548D /* Base */ = {isa = PBXFileReference; lastKnownFileType = file.storyboard; name = Base; path = Base.lproj/Main.storyboard; sourceTree = "<group>"; };
		02674BEC21528CC9003C548D /* Assets.xcassets */ = {isa = PBXFileReference; lastKnownFileType = folder.assetcatalog; path = Assets.xcassets; sourceTree = "<group>"; };
		02674BEF21528CC9003C548D /* Base */ = {isa = PBXFileReference; lastKnownFileType = file.storyboard; name = Base; path = Base.lproj/LaunchScreen.storyboard; sourceTree = "<group>"; };
		02674BF121528CCA003C548D /* Info.plist */ = {isa = PBXFileReference; lastKnownFileType = text.plist.xml; path = Info.plist; sourceTree = "<group>"; };
		02674BF621528CCA003C548D /* Project8Tests.xctest */ = {isa = PBXFileReference; explicitFileType = wrapper.cfbundle; includeInIndex = 0; path = Project8Tests.xctest; sourceTree = BUILT_PRODUCTS_DIR; };
		02674BFA21528CCA003C548D /* Project8Tests.swift */ = {isa = PBXFileReference; lastKnownFileType = sourcecode.swift; path = Project8Tests.swift; sourceTree = "<group>"; };
		02674BFC21528CCA003C548D /* Info.plist */ = {isa = PBXFileReference; lastKnownFileType = text.plist.xml; path = Info.plist; sourceTree = "<group>"; };
		02674C0121528CCA003C548D /* Project8UITests.xctest */ = {isa = PBXFileReference; explicitFileType = wrapper.cfbundle; includeInIndex = 0; path = Project8UITests.xctest; sourceTree = BUILT_PRODUCTS_DIR; };
		02674C0521528CCA003C548D /* Project8UITests.swift */ = {isa = PBXFileReference; lastKnownFileType = sourcecode.swift; path = Project8UITests.swift; sourceTree = "<group>"; };
		02674C0721528CCA003C548D /* Info.plist */ = {isa = PBXFileReference; lastKnownFileType = text.plist.xml; path = Info.plist; sourceTree = "<group>"; };
		02674C132152DF85003C548D /* level1.txt */ = {isa = PBXFileReference; fileEncoding = 4; lastKnownFileType = text; path = level1.txt; sourceTree = "<group>"; };
/* End PBXFileReference section */

/* Begin PBXFrameworksBuildPhase section */
		02674BDF21528CC9003C548D /* Frameworks */ = {
			isa = PBXFrameworksBuildPhase;
			buildActionMask = 2147483647;
			files = (
			);
			runOnlyForDeploymentPostprocessing = 0;
		};
		02674BF321528CCA003C548D /* Frameworks */ = {
			isa = PBXFrameworksBuildPhase;
			buildActionMask = 2147483647;
			files = (
			);
			runOnlyForDeploymentPostprocessing = 0;
		};
		02674BFE21528CCA003C548D /* Frameworks */ = {
			isa = PBXFrameworksBuildPhase;
			buildActionMask = 2147483647;
			files = (
			);
			runOnlyForDeploymentPostprocessing = 0;
		};
/* End PBXFrameworksBuildPhase section */

/* Begin PBXGroup section */
		02674BD921528CC9003C548D = {
			isa = PBXGroup;
			children = (
				02674BE421528CC9003C548D /* Project8 */,
				02674BF921528CCA003C548D /* Project8Tests */,
				02674C0421528CCA003C548D /* Project8UITests */,
				02674BE321528CC9003C548D /* Products */,
			);
			sourceTree = "<group>";
		};
		02674BE321528CC9003C548D /* Products */ = {
			isa = PBXGroup;
			children = (
				02674BE221528CC9003C548D /* Project8.app */,
				02674BF621528CCA003C548D /* Project8Tests.xctest */,
				02674C0121528CCA003C548D /* Project8UITests.xctest */,
			);
			name = Products;
			sourceTree = "<group>";
		};
		02674BE421528CC9003C548D /* Project8 */ = {
			isa = PBXGroup;
			children = (
				02674C132152DF85003C548D /* level1.txt */,
				02674BE521528CC9003C548D /* AppDelegate.swift */,
				02674BE721528CC9003C548D /* ViewController.swift */,
				02674BE921528CC9003C548D /* Main.storyboard */,
				02674BEC21528CC9003C548D /* Assets.xcassets */,
				02674BEE21528CC9003C548D /* LaunchScreen.storyboard */,
				02674BF121528CCA003C548D /* Info.plist */,
			);
			path = Project8;
			sourceTree = "<group>";
		};
		02674BF921528CCA003C548D /* Project8Tests */ = {
			isa = PBXGroup;
			children = (
				02674BFA21528CCA003C548D /* Project8Tests.swift */,
				02674BFC21528CCA003C548D /* Info.plist */,
			);
			path = Project8Tests;
			sourceTree = "<group>";
		};
		02674C0421528CCA003C548D /* Project8UITests */ = {
			isa = PBXGroup;
			children = (
				02674C0521528CCA003C548D /* Project8UITests.swift */,
				02674C0721528CCA003C548D /* Info.plist */,
			);
			path = Project8UITests;
			sourceTree = "<group>";
		};
/* End PBXGroup section */

/* Begin PBXNativeTarget section */
		02674BE121528CC9003C548D /* Project8 */ = {
			isa = PBXNativeTarget;
			buildConfigurationList = 02674C0A21528CCA003C548D /* Build configuration list for PBXNativeTarget "Project8" */;
			buildPhases = (
				02674BDE21528CC9003C548D /* Sources */,
				02674BDF21528CC9003C548D /* Frameworks */,
				02674BE021528CC9003C548D /* Resources */,
			);
			buildRules = (
			);
			dependencies = (
			);
			name = Project8;
			productName = Project8;
			productReference = 02674BE221528CC9003C548D /* Project8.app */;
			productType = "com.apple.product-type.application";
		};
		02674BF521528CCA003C548D /* Project8Tests */ = {
			isa = PBXNativeTarget;
			buildConfigurationList = 02674C0D21528CCA003C548D /* Build configuration list for PBXNativeTarget "Project8Tests" */;
			buildPhases = (
				02674BF221528CCA003C548D /* Sources */,
				02674BF321528CCA003C548D /* Frameworks */,
				02674BF421528CCA003C548D /* Resources */,
			);
			buildRules = (
			);
			dependencies = (
				02674BF821528CCA003C548D /* PBXTargetDependency */,
			);
			name = Project8Tests;
			productName = Project8Tests;
			productReference = 02674BF621528CCA003C548D /* Project8Tests.xctest */;
			productType = "com.apple.product-type.bundle.unit-test";
		};
		02674C0021528CCA003C548D /* Project8UITests */ = {
			isa = PBXNativeTarget;
			buildConfigurationList = 02674C1021528CCA003C548D /* Build configuration list for PBXNativeTarget "Project8UITests" */;
			buildPhases = (
				02674BFD21528CCA003C548D /* Sources */,
				02674BFE21528CCA003C548D /* Frameworks */,
				02674BFF21528CCA003C548D /* Resources */,
			);
			buildRules = (
			);
			dependencies = (
				02674C0321528CCA003C548D /* PBXTargetDependency */,
			);
			name = Project8UITests;
			productName = Project8UITests;
			productReference = 02674C0121528CCA003C548D /* Project8UITests.xctest */;
			productType = "com.apple.product-type.bundle.ui-testing";
		};
/* End PBXNativeTarget section */

/* Begin PBXProject section */
		02674BDA21528CC9003C548D /* Project object */ = {
			isa = PBXProject;
			attributes = {
				LastSwiftUpdateCheck = 0940;
				LastUpgradeCheck = 0940;
				ORGANIZATIONNAME = "Richard Young";
				TargetAttributes = {
					02674BE121528CC9003C548D = {
						CreatedOnToolsVersion = 9.4.1;
					};
					02674BF521528CCA003C548D = {
						CreatedOnToolsVersion = 9.4.1;
						TestTargetID = 02674BE121528CC9003C548D;
					};
					02674C0021528CCA003C548D = {
						CreatedOnToolsVersion = 9.4.1;
						TestTargetID = 02674BE121528CC9003C548D;
					};
				};
			};
			buildConfigurationList = 02674BDD21528CC9003C548D /* Build configuration list for PBXProject "Project8" */;
			compatibilityVersion = "Xcode 9.3";
			developmentRegion = en;
			hasScannedForEncodings = 0;
			knownRegions = (
				en,
				Base,
			);
			mainGroup = 02674BD921528CC9003C548D;
			productRefGroup = 02674BE321528CC9003C548D /* Products */;
			projectDirPath = "";
			projectRoot = "";
			targets = (
				02674BE121528CC9003C548D /* Project8 */,
				02674BF521528CCA003C548D /* Project8Tests */,
				02674C0021528CCA003C548D /* Project8UITests */,
			);
		};
/* End PBXProject section */

/* Begin PBXResourcesBuildPhase section */
		02674BE021528CC9003C548D /* Resources */ = {
			isa = PBXResourcesBuildPhase;
			buildActionMask = 2147483647;
			files = (
				02674BF021528CC9003C548D /* LaunchScreen.storyboard in Resources */,
				02674C142152DF85003C548D /* level1.txt in Resources */,
				02674BED21528CC9003C548D /* Assets.xcassets in Resources */,
				02674BEB21528CC9003C548D /* Main.storyboard in Resources */,
			);
			runOnlyForDeploymentPostprocessing = 0;
		};
		02674BF421528CCA003C548D /* Resources */ = {
			isa = PBXResourcesBuildPhase;
			buildActionMask = 2147483647;
			files = (
			);
			runOnlyForDeploymentPostprocessing = 0;
		};
		02674BFF21528CCA003C548D /* Resources */ = {
			isa = PBXResourcesBuildPhase;
			buildActionMask = 2147483647;
			files = (
			);
			runOnlyForDeploymentPostprocessing = 0;
		};
/* End PBXResourcesBuildPhase section */

/* Begin PBXSourcesBuildPhase section */
		02674BDE21528CC9003C548D /* Sources */ = {
			isa = PBXSourcesBuildPhase;
			buildActionMask = 2147483647;
			files = (
				02674BE821528CC9003C548D /* ViewController.swift in Sources */,
				02674BE621528CC9003C548D /* AppDelegate.swift in Sources */,
			);
			runOnlyForDeploymentPostprocessing = 0;
		};
		02674BF221528CCA003C548D /* Sources */ = {
			isa = PBXSourcesBuildPhase;
			buildActionMask = 2147483647;
			files = (
				02674BFB21528CCA003C548D /* Project8Tests.swift in Sources */,
			);
			runOnlyForDeploymentPostprocessing = 0;
		};
		02674BFD21528CCA003C548D /* Sources */ = {
			isa = PBXSourcesBuildPhase;
			buildActionMask = 2147483647;
			files = (
				02674C0621528CCA003C548D /* Project8UITests.swift in Sources */,
			);
			runOnlyForDeploymentPostprocessing = 0;
		};
/* End PBXSourcesBuildPhase section */

/* Begin PBXTargetDependency section */
		02674BF821528CCA003C548D /* PBXTargetDependency */ = {
			isa = PBXTargetDependency;
			target = 02674BE121528CC9003C548D /* Project8 */;
			targetProxy = 02674BF721528CCA003C548D /* PBXContainerItemProxy */;
		};
		02674C0321528CCA003C548D /* PBXTargetDependency */ = {
			isa = PBXTargetDependency;
			target = 02674BE121528CC9003C548D /* Project8 */;
			targetProxy = 02674C0221528CCA003C548D /* PBXContainerItemProxy */;
		};
/* End PBXTargetDependency section */

/* Begin PBXVariantGroup section */
		02674BE921528CC9003C548D /* Main.storyboard */ = {
			isa = PBXVariantGroup;
			children = (
				02674BEA21528CC9003C548D /* Base */,
			);
			name = Main.storyboard;
			sourceTree = "<group>";
		};
		02674BEE21528CC9003C548D /* LaunchScreen.storyboard */ = {
			isa = PBXVariantGroup;
			children = (
				02674BEF21528CC9003C548D /* Base */,
			);
			name = LaunchScreen.storyboard;
			sourceTree = "<group>";
		};
/* End PBXVariantGroup section */

/* Begin XCBuildConfiguration section */
		02674C0821528CCA003C548D /* Debug */ = {
			isa = XCBuildConfiguration;
			buildSettings = {
				ALWAYS_SEARCH_USER_PATHS = NO;
				CLANG_ANALYZER_NONNULL = YES;
				CLANG_ANALYZER_NUMBER_OBJECT_CONVERSION = YES_AGGRESSIVE;
				CLANG_CXX_LANGUAGE_STANDARD = "gnu++14";
				CLANG_CXX_LIBRARY = "libc++";
				CLANG_ENABLE_MODULES = YES;
				CLANG_ENABLE_OBJC_ARC = YES;
				CLANG_ENABLE_OBJC_WEAK = YES;
				CLANG_WARN_BLOCK_CAPTURE_AUTORELEASING = YES;
				CLANG_WARN_BOOL_CONVERSION = YES;
				CLANG_WARN_COMMA = YES;
				CLANG_WARN_CONSTANT_CONVERSION = YES;
				CLANG_WARN_DEPRECATED_OBJC_IMPLEMENTATIONS = YES;
				CLANG_WARN_DIRECT_OBJC_ISA_USAGE = YES_ERROR;
				CLANG_WARN_DOCUMENTATION_COMMENTS = YES;
				CLANG_WARN_EMPTY_BODY = YES;
				CLANG_WARN_ENUM_CONVERSION = YES;
				CLANG_WARN_INFINITE_RECURSION = YES;
				CLANG_WARN_INT_CONVERSION = YES;
				CLANG_WARN_NON_LITERAL_NULL_CONVERSION = YES;
				CLANG_WARN_OBJC_IMPLICIT_RETAIN_SELF = YES;
				CLANG_WARN_OBJC_LITERAL_CONVERSION = YES;
				CLANG_WARN_OBJC_ROOT_CLASS = YES_ERROR;
				CLANG_WARN_RANGE_LOOP_ANALYSIS = YES;
				CLANG_WARN_STRICT_PROTOTYPES = YES;
				CLANG_WARN_SUSPICIOUS_MOVE = YES;
				CLANG_WARN_UNGUARDED_AVAILABILITY = YES_AGGRESSIVE;
				CLANG_WARN_UNREACHABLE_CODE = YES;
				CLANG_WARN__DUPLICATE_METHOD_MATCH = YES;
				CODE_SIGN_IDENTITY = "iPhone Developer";
				COPY_PHASE_STRIP = NO;
				DEBUG_INFORMATION_FORMAT = dwarf;
				ENABLE_STRICT_OBJC_MSGSEND = YES;
				ENABLE_TESTABILITY = YES;
				GCC_C_LANGUAGE_STANDARD = gnu11;
				GCC_DYNAMIC_NO_PIC = NO;
				GCC_NO_COMMON_BLOCKS = YES;
				GCC_OPTIMIZATION_LEVEL = 0;
				GCC_PREPROCESSOR_DEFINITIONS = (
					"DEBUG=1",
					"$(inherited)",
				);
				GCC_WARN_64_TO_32_BIT_CONVERSION = YES;
				GCC_WARN_ABOUT_RETURN_TYPE = YES_ERROR;
				GCC_WARN_UNDECLARED_SELECTOR = YES;
				GCC_WARN_UNINITIALIZED_AUTOS = YES_AGGRESSIVE;
				GCC_WARN_UNUSED_FUNCTION = YES;
				GCC_WARN_UNUSED_VARIABLE = YES;
				IPHONEOS_DEPLOYMENT_TARGET = 11.4;
				MTL_ENABLE_DEBUG_INFO = YES;
				ONLY_ACTIVE_ARCH = YES;
				SDKROOT = iphoneos;
				SWIFT_ACTIVE_COMPILATION_CONDITIONS = DEBUG;
				SWIFT_OPTIMIZATION_LEVEL = "-Onone";
			};
			name = Debug;
		};
		02674C0921528CCA003C548D /* Release */ = {
			isa = XCBuildConfiguration;
			buildSettings = {
				ALWAYS_SEARCH_USER_PATHS = NO;
				CLANG_ANALYZER_NONNULL = YES;
				CLANG_ANALYZER_NUMBER_OBJECT_CONVERSION = YES_AGGRESSIVE;
				CLANG_CXX_LANGUAGE_STANDARD = "gnu++14";
				CLANG_CXX_LIBRARY = "libc++";
				CLANG_ENABLE_MODULES = YES;
				CLANG_ENABLE_OBJC_ARC = YES;
				CLANG_ENABLE_OBJC_WEAK = YES;
				CLANG_WARN_BLOCK_CAPTURE_AUTORELEASING = YES;
				CLANG_WARN_BOOL_CONVERSION = YES;
				CLANG_WARN_COMMA = YES;
				CLANG_WARN_CONSTANT_CONVERSION = YES;
				CLANG_WARN_DEPRECATED_OBJC_IMPLEMENTATIONS = YES;
				CLANG_WARN_DIRECT_OBJC_ISA_USAGE = YES_ERROR;
				CLANG_WARN_DOCUMENTATION_COMMENTS = YES;
				CLANG_WARN_EMPTY_BODY = YES;
				CLANG_WARN_ENUM_CONVERSION = YES;
				CLANG_WARN_INFINITE_RECURSION = YES;
				CLANG_WARN_INT_CONVERSION = YES;
				CLANG_WARN_NON_LITERAL_NULL_CONVERSION = YES;
				CLANG_WARN_OBJC_IMPLICIT_RETAIN_SELF = YES;
				CLANG_WARN_OBJC_LITERAL_CONVERSION = YES;
				CLANG_WARN_OBJC_ROOT_CLASS = YES_ERROR;
				CLANG_WARN_RANGE_LOOP_ANALYSIS = YES;
				CLANG_WARN_STRICT_PROTOTYPES = YES;
				CLANG_WARN_SUSPICIOUS_MOVE = YES;
				CLANG_WARN_UNGUARDED_AVAILABILITY = YES_AGGRESSIVE;
				CLANG_WARN_UNREACHABLE_CODE = YES;
				CLANG_WARN__DUPLICATE_METHOD_MATCH = YES;
				CODE_SIGN_IDENTITY = "iPhone Developer";
				COPY_PHASE_STRIP = NO;
				DEBUG_INFORMATION_FORMAT = "dwarf-with-dsym";
				ENABLE_NS_ASSERTIONS = NO;
				ENABLE_STRICT_OBJC_MSGSEND = YES;
				GCC_C_LANGUAGE_STANDARD = gnu11;
				GCC_NO_COMMON_BLOCKS = YES;
				GCC_WARN_64_TO_32_BIT_CONVERSION = YES;
				GCC_WARN_ABOUT_RETURN_TYPE = YES_ERROR;
				GCC_WARN_UNDECLARED_SELECTOR = YES;
				GCC_WARN_UNINITIALIZED_AUTOS = YES_AGGRESSIVE;
				GCC_WARN_UNUSED_FUNCTION = YES;
				GCC_WARN_UNUSED_VARIABLE = YES;
				IPHONEOS_DEPLOYMENT_TARGET = 11.4;
				MTL_ENABLE_DEBUG_INFO = NO;
				SDKROOT = iphoneos;
				SWIFT_COMPILATION_MODE = wholemodule;
				SWIFT_OPTIMIZATION_LEVEL = "-O";
				VALIDATE_PRODUCT = YES;
			};
			name = Release;
		};
		02674C0B21528CCA003C548D /* Debug */ = {
			isa = XCBuildConfiguration;
			buildSettings = {
				ASSETCATALOG_COMPILER_APPICON_NAME = AppIcon;
				CODE_SIGN_STYLE = Automatic;
				INFOPLIST_FILE = Project8/Info.plist;
				LD_RUNPATH_SEARCH_PATHS = (
					"$(inherited)",
					"@executable_path/Frameworks",
				);
				PRODUCT_BUNDLE_IDENTIFIER = Project1.Project8;
				PRODUCT_NAME = "$(TARGET_NAME)";
				SWIFT_VERSION = 4.0;
				TARGETED_DEVICE_FAMILY = 2;
			};
			name = Debug;
		};
		02674C0C21528CCA003C548D /* Release */ = {
			isa = XCBuildConfiguration;
			buildSettings = {
				ASSETCATALOG_COMPILER_APPICON_NAME = AppIcon;
				CODE_SIGN_STYLE = Automatic;
				INFOPLIST_FILE = Project8/Info.plist;
				LD_RUNPATH_SEARCH_PATHS = (
					"$(inherited)",
					"@executable_path/Frameworks",
				);
				PRODUCT_BUNDLE_IDENTIFIER = Project1.Project8;
				PRODUCT_NAME = "$(TARGET_NAME)";
				SWIFT_VERSION = 4.0;
				TARGETED_DEVICE_FAMILY = 2;
			};
			name = Release;
		};
		02674C0E21528CCA003C548D /* Debug */ = {
			isa = XCBuildConfiguration;
			buildSettings = {
				ALWAYS_EMBED_SWIFT_STANDARD_LIBRARIES = YES;
				BUNDLE_LOADER = "$(TEST_HOST)";
				CODE_SIGN_STYLE = Automatic;
				INFOPLIST_FILE = Project8Tests/Info.plist;
				LD_RUNPATH_SEARCH_PATHS = (
					"$(inherited)",
					"@executable_path/Frameworks",
					"@loader_path/Frameworks",
				);
				PRODUCT_BUNDLE_IDENTIFIER = Project1.Project8Tests;
				PRODUCT_NAME = "$(TARGET_NAME)";
				SWIFT_VERSION = 4.0;
				TARGETED_DEVICE_FAMILY = "1,2";
				TEST_HOST = "$(BUILT_PRODUCTS_DIR)/Project8.app/Project8";
			};
			name = Debug;
		};
		02674C0F21528CCA003C548D /* Release */ = {
			isa = XCBuildConfiguration;
			buildSettings = {
				ALWAYS_EMBED_SWIFT_STANDARD_LIBRARIES = YES;
				BUNDLE_LOADER = "$(TEST_HOST)";
				CODE_SIGN_STYLE = Automatic;
				INFOPLIST_FILE = Project8Tests/Info.plist;
				LD_RUNPATH_SEARCH_PATHS = (
					"$(inherited)",
					"@executable_path/Frameworks",
					"@loader_path/Frameworks",
				);
				PRODUCT_BUNDLE_IDENTIFIER = Project1.Project8Tests;
				PRODUCT_NAME = "$(TARGET_NAME)";
				SWIFT_VERSION = 4.0;
				TARGETED_DEVICE_FAMILY = "1,2";
				TEST_HOST = "$(BUILT_PRODUCTS_DIR)/Project8.app/Project8";
			};
			name = Release;
		};
		02674C1121528CCA003C548D /* Debug */ = {
			isa = XCBuildConfiguration;
			buildSettings = {
				ALWAYS_EMBED_SWIFT_STANDARD_LIBRARIES = YES;
				CODE_SIGN_STYLE = Automatic;
				INFOPLIST_FILE = Project8UITests/Info.plist;
				LD_RUNPATH_SEARCH_PATHS = (
					"$(inherited)",
					"@executable_path/Frameworks",
					"@loader_path/Frameworks",
				);
				PRODUCT_BUNDLE_IDENTIFIER = Project1.Project8UITests;
				PRODUCT_NAME = "$(TARGET_NAME)";
				SWIFT_VERSION = 4.0;
				TARGETED_DEVICE_FAMILY = "1,2";
				TEST_TARGET_NAME = Project8;
			};
			name = Debug;
		};
		02674C1221528CCA003C548D /* Release */ = {
			isa = XCBuildConfiguration;
			buildSettings = {
				ALWAYS_EMBED_SWIFT_STANDARD_LIBRARIES = YES;
				CODE_SIGN_STYLE = Automatic;
				INFOPLIST_FILE = Project8UITests/Info.plist;
				LD_RUNPATH_SEARCH_PATHS = (
					"$(inherited)",
					"@executable_path/Frameworks",
					"@loader_path/Frameworks",
				);
				PRODUCT_BUNDLE_IDENTIFIER = Project1.Project8UITests;
				PRODUCT_NAME = "$(TARGET_NAME)";
				SWIFT_VERSION = 4.0;
				TARGETED_DEVICE_FAMILY = "1,2";
				TEST_TARGET_NAME = Project8;
			};
			name = Release;
		};
/* End XCBuildConfiguration section */

/* Begin XCConfigurationList section */
		02674BDD21528CC9003C548D /* Build configuration list for PBXProject "Project8" */ = {
			isa = XCConfigurationList;
			buildConfigurations = (
				02674C0821528CCA003C548D /* Debug */,
				02674C0921528CCA003C548D /* Release */,
			);
			defaultConfigurationIsVisible = 0;
			defaultConfigurationName = Release;
		};
		02674C0A21528CCA003C548D /* Build configuration list for PBXNativeTarget "Project8" */ = {
			isa = XCConfigurationList;
			buildConfigurations = (
				02674C0B21528CCA003C548D /* Debug */,
				02674C0C21528CCA003C548D /* Release */,
			);
			defaultConfigurationIsVisible = 0;
			defaultConfigurationName = Release;
		};
		02674C0D21528CCA003C548D /* Build configuration list for PBXNativeTarget "Project8Tests" */ = {
			isa = XCConfigurationList;
			buildConfigurations = (
				02674C0E21528CCA003C548D /* Debug */,
				02674C0F21528CCA003C548D /* Release */,
			);
			defaultConfigurationIsVisible = 0;
			defaultConfigurationName = Release;
		};
		02674C1021528CCA003C548D /* Build configuration list for PBXNativeTarget "Project8UITests" */ = {
			isa = XCConfigurationList;
			buildConfigurations = (
				02674C1121528CCA003C548D /* Debug */,
				02674C1221528CCA003C548D /* Release */,
			);
			defaultConfigurationIsVisible = 0;
			defaultConfigurationName = Release;
		};
/* End XCConfigurationList section */
	};
	rootObject = 02674BDA21528CC9003C548D /* Project object */;
}
